
Microsoft Visual Studio Solution File, Format Version 12.00
# Visual Studio Version 17
VisualStudioVersion = 17.5.33414.496
MinimumVisualStudioVersion = 10.0.40219.1
Project("{FAE04EC0-301F-11D3-BF4B-00C04F79EFBC}") = "Modul15", "Modul15\Modul15.csproj", "{1650BE5A-DD07-4D00-90CD-DBC53C56E226}"
EndProject
Global
	GlobalSection(SolutionConfigurationPlatforms) = preSolution
		Debug|Any CPU = Debug|Any CPU
		Release|Any CPU = Release|Any CPU
	EndGlobalSection
	GlobalSection(ProjectConfigurationPlatforms) = postSolution
		{1650BE5A-DD07-4D00-90CD-DBC53C56E226}.Debug|Any CPU.ActiveCfg = Debug|Any CPU
		{1650BE5A-DD07-4D00-90CD-DBC53C56E226}.Debug|Any CPU.Build.0 = Debug|Any CPU
		{1650BE5A-DD07-4D00-90CD-DBC53C56E226}.Release|Any CPU.ActiveCfg = Release|Any CPU
		{1650BE5A-DD07-4D00-90CD-DBC53C56E226}.Release|Any CPU.Build.0 = Release|Any CPU
	EndGlobalSection
	GlobalSection(SolutionProperties) = preSolution
		HideSolutionNode = FALSE
	EndGlobalSection
	GlobalSection(ExtensibilityGlobals) = postSolution
		SolutionGuid = {48CFF81C-390E-446B-BE51-925502A28B2E}
	EndGlobalSection
EndGlobal
